
Microsoft Visual Studio Solution File, Format Version 12.00
# Visual Studio 15
VisualStudioVersion = 15.0.28307.106
MinimumVisualStudioVersion = 10.0.40219.1
Project("{9A19103F-16F7-4668-BE54-9A1E7A4F7556}") = "ExilenceNextAPI", "ExilenceNextAPI\ExilenceNextAPI.csproj", "{E8E58B44-E019-49B2-801C-404CE9BEFD3B}"
EndProject
Global
	GlobalSection(SolutionConfigurationPlatforms) = preSolution
		Debug|Any CPU = Debug|Any CPU
		Release|Any CPU = Release|Any CPU
	EndGlobalSection
	GlobalSection(ProjectConfigurationPlatforms) = postSolution
		{E8E58B44-E019-49B2-801C-404CE9BEFD3B}.Debug|Any CPU.ActiveCfg = Debug|Any CPU
		{E8E58B44-E019-49B2-801C-404CE9BEFD3B}.Debug|Any CPU.Build.0 = Debug|Any CPU
		{E8E58B44-E019-49B2-801C-404CE9BEFD3B}.Release|Any CPU.ActiveCfg = Release|Any CPU
		{E8E58B44-E019-49B2-801C-404CE9BEFD3B}.Release|Any CPU.Build.0 = Release|Any CPU
	EndGlobalSection
	GlobalSection(SolutionProperties) = preSolution
		HideSolutionNode = FALSE
	EndGlobalSection
	GlobalSection(ExtensibilityGlobals) = postSolution
		SolutionGuid = {DD794633-4591-49B0-B400-FB74F62B52B1}
	EndGlobalSection
EndGlobal
